
Microsoft Visual Studio Solution File, Format Version 12.00
# Visual Studio Version 17
VisualStudioVersion = 17.0.31912.275
MinimumVisualStudioVersion = 10.0.40219.1
Project("{8BC9CEB8-8B4A-11D0-8D11-00A0C91BC942}") = "kalczuk-cop3330-ch3-ex10", "kalczuk-cop3330-ch3-ex10\kalczuk-cop3330-ch3-ex10.vcxproj", "{7D365DB3-6DC4-420B-9A3F-9D6D43E9ECC5}"
EndProject
Global
	GlobalSection(SolutionConfigurationPlatforms) = preSolution
		Debug|x64 = Debug|x64
		Debug|x86 = Debug|x86
		Release|x64 = Release|x64
		Release|x86 = Release|x86
	EndGlobalSection
	GlobalSection(ProjectConfigurationPlatforms) = postSolution
		{7D365DB3-6DC4-420B-9A3F-9D6D43E9ECC5}.Debug|x64.ActiveCfg = Debug|x64
		{7D365DB3-6DC4-420B-9A3F-9D6D43E9ECC5}.Debug|x64.Build.0 = Debug|x64
		{7D365DB3-6DC4-420B-9A3F-9D6D43E9ECC5}.Debug|x86.ActiveCfg = Debug|Win32
		{7D365DB3-6DC4-420B-9A3F-9D6D43E9ECC5}.Debug|x86.Build.0 = Debug|Win32
		{7D365DB3-6DC4-420B-9A3F-9D6D43E9ECC5}.Release|x64.ActiveCfg = Release|x64
		{7D365DB3-6DC4-420B-9A3F-9D6D43E9ECC5}.Release|x64.Build.0 = Release|x64
		{7D365DB3-6DC4-420B-9A3F-9D6D43E9ECC5}.Release|x86.ActiveCfg = Release|Win32
		{7D365DB3-6DC4-420B-9A3F-9D6D43E9ECC5}.Release|x86.Build.0 = Release|Win32
	EndGlobalSection
	GlobalSection(SolutionProperties) = preSolution
		HideSolutionNode = FALSE
	EndGlobalSection
	GlobalSection(ExtensibilityGlobals) = postSolution
		SolutionGuid = {565DFAB6-EF5B-4473-84CA-6D1A6CC72518}
	EndGlobalSection
EndGlobal
